{
  "name": "Yelo.az-Demo",
  "lockfileVersion": 3,
  "requires": true,
  "packages": {
    "": {
      "dependencies": {
        "material-icons": "^1.13.12"
      }
    },
    "node_modules/material-icons": {
      "version": "1.13.12",
      "resolved": "https://registry.npmjs.org/material-icons/-/material-icons-1.13.12.tgz",
      "integrity": "sha512-/2YoaB79IjUK2B2JB+vIXXYGtBfHb/XG66LvoKVM5ykHW7yfrV5SP6d7KLX6iijY6/G9GqwgtPQ/sbhFnOURVA=="
    }
  }
}
